
Microsoft Visual Studio Solution File, Format Version 12.00
# Visual Studio 14
VisualStudioVersion = 14.0.25123.0
MinimumVisualStudioVersion = 10.0.40219.1
Project("{8BC9CEB8-8B4A-11D0-8D11-00A0C91BC942}") = "1-AIE", "IntroToCPP\IntroToCPP.vcxproj", "{DFF904CC-84F3-4BDE-B56B-5FA08DC8471E}"
EndProject
Project("{8BC9CEB8-8B4A-11D0-8D11-00A0C91BC942}") = "2-Variables", "2-Variables\2-Variables.vcxproj", "{11B5FBDA-CF58-47C5-B999-6FF99BE48DD9}"
EndProject
Project("{8BC9CEB8-8B4A-11D0-8D11-00A0C91BC942}") = "3-Conditionals", "2-Conditionals\2-Conditionals.vcxproj", "{DFA320A7-BD55-4C55-9EE1-C10CAD3B27D5}"
EndProject
Project("{8BC9CEB8-8B4A-11D0-8D11-00A0C91BC942}") = "4-Functions", "4-Functions\4-Functions.vcxproj", "{31745E1A-5666-4691-B652-8894ABDF5D6C}"
EndProject
Project("{8BC9CEB8-8B4A-11D0-8D11-00A0C91BC942}") = "6-Iterations", "6-Iterations\6-Iterations.vcxproj", "{513698CB-74A6-4085-9902-6774EBFD0C1B}"
EndProject
Project("{8BC9CEB8-8B4A-11D0-8D11-00A0C91BC942}") = "5-MultiFileProjects", "5-MultiFileProjects\5-MultiFileProjects.vcxproj", "{B47D4F65-F9C3-421A-9111-AA4AA2D9D9F4}"
EndProject
Project("{8BC9CEB8-8B4A-11D0-8D11-00A0C91BC942}") = "7-Arrays", "7-Arrays\7-Arrays.vcxproj", "{E6FB9DF1-8908-41E4-A72A-92A0528BF0E1}"
EndProject
Project("{8BC9CEB8-8B4A-11D0-8D11-00A0C91BC942}") = "8-ClassAndStructures", "8-ClassAndStructures\8-ClassAndStructures.vcxproj", "{E82FB712-D860-4FB8-B6E2-2BC9CAFC2EE5}"
EndProject
Project("{8BC9CEB8-8B4A-11D0-8D11-00A0C91BC942}") = "9-AppStateManagement", "9-AppStateManagement\9-AppStateManagement.vcxproj", "{E05593DA-F7C9-4DAE-B4EC-877DA31E5D37}"
EndProject
Project("{8BC9CEB8-8B4A-11D0-8D11-00A0C91BC942}") = "11-CStrings", "11-CStrings\11-CStrings.vcxproj", "{B8F758E6-5D1C-4DD2-9E28-06681623571C}"
EndProject
Global
	GlobalSection(SolutionConfigurationPlatforms) = preSolution
		Debug|x64 = Debug|x64
		Debug|x86 = Debug|x86
		Release|x64 = Release|x64
		Release|x86 = Release|x86
	EndGlobalSection
	GlobalSection(ProjectConfigurationPlatforms) = postSolution
		{DFF904CC-84F3-4BDE-B56B-5FA08DC8471E}.Debug|x64.ActiveCfg = Debug|x64
		{DFF904CC-84F3-4BDE-B56B-5FA08DC8471E}.Debug|x64.Build.0 = Debug|x64
		{DFF904CC-84F3-4BDE-B56B-5FA08DC8471E}.Debug|x86.ActiveCfg = Debug|Win32
		{DFF904CC-84F3-4BDE-B56B-5FA08DC8471E}.Debug|x86.Build.0 = Debug|Win32
		{DFF904CC-84F3-4BDE-B56B-5FA08DC8471E}.Release|x64.ActiveCfg = Release|x64
		{DFF904CC-84F3-4BDE-B56B-5FA08DC8471E}.Release|x64.Build.0 = Release|x64
		{DFF904CC-84F3-4BDE-B56B-5FA08DC8471E}.Release|x86.ActiveCfg = Release|Win32
		{DFF904CC-84F3-4BDE-B56B-5FA08DC8471E}.Release|x86.Build.0 = Release|Win32
		{11B5FBDA-CF58-47C5-B999-6FF99BE48DD9}.Debug|x64.ActiveCfg = Debug|x64
		{11B5FBDA-CF58-47C5-B999-6FF99BE48DD9}.Debug|x64.Build.0 = Debug|x64
		{11B5FBDA-CF58-47C5-B999-6FF99BE48DD9}.Debug|x86.ActiveCfg = Debug|Win32
		{11B5FBDA-CF58-47C5-B999-6FF99BE48DD9}.Debug|x86.Build.0 = Debug|Win32
		{11B5FBDA-CF58-47C5-B999-6FF99BE48DD9}.Release|x64.ActiveCfg = Release|x64
		{11B5FBDA-CF58-47C5-B999-6FF99BE48DD9}.Release|x64.Build.0 = Release|x64
		{11B5FBDA-CF58-47C5-B999-6FF99BE48DD9}.Release|x86.ActiveCfg = Release|Win32
		{11B5FBDA-CF58-47C5-B999-6FF99BE48DD9}.Release|x86.Build.0 = Release|Win32
		{DFA320A7-BD55-4C55-9EE1-C10CAD3B27D5}.Debug|x64.ActiveCfg = Debug|x64
		{DFA320A7-BD55-4C55-9EE1-C10CAD3B27D5}.Debug|x64.Build.0 = Debug|x64
		{DFA320A7-BD55-4C55-9EE1-C10CAD3B27D5}.Debug|x86.ActiveCfg = Debug|Win32
		{DFA320A7-BD55-4C55-9EE1-C10CAD3B27D5}.Debug|x86.Build.0 = Debug|Win32
		{DFA320A7-BD55-4C55-9EE1-C10CAD3B27D5}.Release|x64.ActiveCfg = Release|x64
		{DFA320A7-BD55-4C55-9EE1-C10CAD3B27D5}.Release|x64.Build.0 = Release|x64
		{DFA320A7-BD55-4C55-9EE1-C10CAD3B27D5}.Release|x86.ActiveCfg = Release|Win32
		{DFA320A7-BD55-4C55-9EE1-C10CAD3B27D5}.Release|x86.Build.0 = Release|Win32
		{31745E1A-5666-4691-B652-8894ABDF5D6C}.Debug|x64.ActiveCfg = Debug|x64
		{31745E1A-5666-4691-B652-8894ABDF5D6C}.Debug|x64.Build.0 = Debug|x64
		{31745E1A-5666-4691-B652-8894ABDF5D6C}.Debug|x86.ActiveCfg = Debug|Win32
		{31745E1A-5666-4691-B652-8894ABDF5D6C}.Debug|x86.Build.0 = Debug|Win32
		{31745E1A-5666-4691-B652-8894ABDF5D6C}.Release|x64.ActiveCfg = Release|x64
		{31745E1A-5666-4691-B652-8894ABDF5D6C}.Release|x64.Build.0 = Release|x64
		{31745E1A-5666-4691-B652-8894ABDF5D6C}.Release|x86.ActiveCfg = Release|Win32
		{31745E1A-5666-4691-B652-8894ABDF5D6C}.Release|x86.Build.0 = Release|Win32
		{513698CB-74A6-4085-9902-6774EBFD0C1B}.Debug|x64.ActiveCfg = Debug|x64
		{513698CB-74A6-4085-9902-6774EBFD0C1B}.Debug|x64.Build.0 = Debug|x64
		{513698CB-74A6-4085-9902-6774EBFD0C1B}.Debug|x86.ActiveCfg = Debug|Win32
		{513698CB-74A6-4085-9902-6774EBFD0C1B}.Debug|x86.Build.0 = Debug|Win32
		{513698CB-74A6-4085-9902-6774EBFD0C1B}.Release|x64.ActiveCfg = Release|x64
		{513698CB-74A6-4085-9902-6774EBFD0C1B}.Release|x64.Build.0 = Release|x64
		{513698CB-74A6-4085-9902-6774EBFD0C1B}.Release|x86.ActiveCfg = Release|Win32
		{513698CB-74A6-4085-9902-6774EBFD0C1B}.Release|x86.Build.0 = Release|Win32
		{B47D4F65-F9C3-421A-9111-AA4AA2D9D9F4}.Debug|x64.ActiveCfg = Debug|x64
		{B47D4F65-F9C3-421A-9111-AA4AA2D9D9F4}.Debug|x64.Build.0 = Debug|x64
		{B47D4F65-F9C3-421A-9111-AA4AA2D9D9F4}.Debug|x86.ActiveCfg = Debug|Win32
		{B47D4F65-F9C3-421A-9111-AA4AA2D9D9F4}.Debug|x86.Build.0 = Debug|Win32
		{B47D4F65-F9C3-421A-9111-AA4AA2D9D9F4}.Release|x64.ActiveCfg = Release|x64
		{B47D4F65-F9C3-421A-9111-AA4AA2D9D9F4}.Release|x64.Build.0 = Release|x64
		{B47D4F65-F9C3-421A-9111-AA4AA2D9D9F4}.Release|x86.ActiveCfg = Release|Win32
		{B47D4F65-F9C3-421A-9111-AA4AA2D9D9F4}.Release|x86.Build.0 = Release|Win32
		{E6FB9DF1-8908-41E4-A72A-92A0528BF0E1}.Debug|x64.ActiveCfg = Debug|x64
		{E6FB9DF1-8908-41E4-A72A-92A0528BF0E1}.Debug|x64.Build.0 = Debug|x64
		{E6FB9DF1-8908-41E4-A72A-92A0528BF0E1}.Debug|x86.ActiveCfg = Debug|Win32
		{E6FB9DF1-8908-41E4-A72A-92A0528BF0E1}.Debug|x86.Build.0 = Debug|Win32
		{E6FB9DF1-8908-41E4-A72A-92A0528BF0E1}.Release|x64.ActiveCfg = Release|x64
		{E6FB9DF1-8908-41E4-A72A-92A0528BF0E1}.Release|x64.Build.0 = Release|x64
		{E6FB9DF1-8908-41E4-A72A-92A0528BF0E1}.Release|x86.ActiveCfg = Release|Win32
		{E6FB9DF1-8908-41E4-A72A-92A0528BF0E1}.Release|x86.Build.0 = Release|Win32
		{E82FB712-D860-4FB8-B6E2-2BC9CAFC2EE5}.Debug|x64.ActiveCfg = Debug|x64
		{E82FB712-D860-4FB8-B6E2-2BC9CAFC2EE5}.Debug|x64.Build.0 = Debug|x64
		{E82FB712-D860-4FB8-B6E2-2BC9CAFC2EE5}.Debug|x86.ActiveCfg = Debug|Win32
		{E82FB712-D860-4FB8-B6E2-2BC9CAFC2EE5}.Debug|x86.Build.0 = Debug|Win32
		{E82FB712-D860-4FB8-B6E2-2BC9CAFC2EE5}.Release|x64.ActiveCfg = Release|x64
		{E82FB712-D860-4FB8-B6E2-2BC9CAFC2EE5}.Release|x64.Build.0 = Release|x64
		{E82FB712-D860-4FB8-B6E2-2BC9CAFC2EE5}.Release|x86.ActiveCfg = Release|Win32
		{E82FB712-D860-4FB8-B6E2-2BC9CAFC2EE5}.Release|x86.Build.0 = Release|Win32
		{E05593DA-F7C9-4DAE-B4EC-877DA31E5D37}.Debug|x64.ActiveCfg = Debug|x64
		{E05593DA-F7C9-4DAE-B4EC-877DA31E5D37}.Debug|x64.Build.0 = Debug|x64
		{E05593DA-F7C9-4DAE-B4EC-877DA31E5D37}.Debug|x86.ActiveCfg = Debug|Win32
		{E05593DA-F7C9-4DAE-B4EC-877DA31E5D37}.Debug|x86.Build.0 = Debug|Win32
		{E05593DA-F7C9-4DAE-B4EC-877DA31E5D37}.Release|x64.ActiveCfg = Release|x64
		{E05593DA-F7C9-4DAE-B4EC-877DA31E5D37}.Release|x64.Build.0 = Release|x64
		{E05593DA-F7C9-4DAE-B4EC-877DA31E5D37}.Release|x86.ActiveCfg = Release|Win32
		{E05593DA-F7C9-4DAE-B4EC-877DA31E5D37}.Release|x86.Build.0 = Release|Win32
		{B8F758E6-5D1C-4DD2-9E28-06681623571C}.Debug|x64.ActiveCfg = Debug|x64
		{B8F758E6-5D1C-4DD2-9E28-06681623571C}.Debug|x64.Build.0 = Debug|x64
		{B8F758E6-5D1C-4DD2-9E28-06681623571C}.Debug|x86.ActiveCfg = Debug|Win32
		{B8F758E6-5D1C-4DD2-9E28-06681623571C}.Debug|x86.Build.0 = Debug|Win32
		{B8F758E6-5D1C-4DD2-9E28-06681623571C}.Release|x64.ActiveCfg = Release|x64
		{B8F758E6-5D1C-4DD2-9E28-06681623571C}.Release|x64.Build.0 = Release|x64
		{B8F758E6-5D1C-4DD2-9E28-06681623571C}.Release|x86.ActiveCfg = Release|Win32
		{B8F758E6-5D1C-4DD2-9E28-06681623571C}.Release|x86.Build.0 = Release|Win32
	EndGlobalSection
	GlobalSection(SolutionProperties) = preSolution
		HideSolutionNode = FALSE
	EndGlobalSection
EndGlobal
